
Microsoft Visual Studio Solution File, Format Version 12.00
# Visual Studio Version 16
VisualStudioVersion = 16.0.31624.102
MinimumVisualStudioVersion = 10.0.40219.1
Project("{FAE04EC0-301F-11D3-BF4B-00C04F79EFBC}") = "IoCDotNet", "IoCDotNet\IoCDotNet.csproj", "{6EA1E927-0566-49CD-8BDC-0D37F016EB84}"
EndProject
Global
	GlobalSection(SolutionConfigurationPlatforms) = preSolution
		Debug|Any CPU = Debug|Any CPU
		Release|Any CPU = Release|Any CPU
	EndGlobalSection
	GlobalSection(ProjectConfigurationPlatforms) = postSolution
		{6EA1E927-0566-49CD-8BDC-0D37F016EB84}.Debug|Any CPU.ActiveCfg = Debug|Any CPU
		{6EA1E927-0566-49CD-8BDC-0D37F016EB84}.Debug|Any CPU.Build.0 = Debug|Any CPU
		{6EA1E927-0566-49CD-8BDC-0D37F016EB84}.Release|Any CPU.ActiveCfg = Release|Any CPU
		{6EA1E927-0566-49CD-8BDC-0D37F016EB84}.Release|Any CPU.Build.0 = Release|Any CPU
	EndGlobalSection
	GlobalSection(SolutionProperties) = preSolution
		HideSolutionNode = FALSE
	EndGlobalSection
	GlobalSection(ExtensibilityGlobals) = postSolution
		SolutionGuid = {DA2B2F8C-6293-4E24-AF17-5E4F07ACD6A3}
	EndGlobalSection
EndGlobal
